
Microsoft Visual Studio Solution File, Format Version 12.00
# Visual Studio Version 16
VisualStudioVersion = 16.0.30717.126
MinimumVisualStudioVersion = 10.0.40219.1
Project("{FAE04EC0-301F-11D3-BF4B-00C04F79EFBC}") = "CoreApi.Web", "CoreApi.Web\CoreApi.Web.csproj", "{4BBD7E06-FC58-4D80-AF05-B16F9F07CB20}"
EndProject
Project("{FAE04EC0-301F-11D3-BF4B-00C04F79EFBC}") = "CoreApi.Contracts", "CoreApi.Contracts\CoreApi.Contracts.csproj", "{CAAA74A3-317E-4D88-9DBD-2E3A637FBB2B}"
EndProject
Project("{FAE04EC0-301F-11D3-BF4B-00C04F79EFBC}") = "CoreApi.Data", "CoreApi.Data\CoreApi.Data.csproj", "{E6E99AFF-5F11-4D06-AFD3-CEAAD0EA7621}"
EndProject
Project("{FAE04EC0-301F-11D3-BF4B-00C04F79EFBC}") = "CoreApi.Services", "CoreApi.Services\CoreApi.Services.csproj", "{95FE9DC1-4A96-4F2E-98AC-BC48D7352119}"
EndProject
Global
	GlobalSection(SolutionConfigurationPlatforms) = preSolution
		Debug|Any CPU = Debug|Any CPU
		Release|Any CPU = Release|Any CPU
	EndGlobalSection
	GlobalSection(ProjectConfigurationPlatforms) = postSolution
		{4BBD7E06-FC58-4D80-AF05-B16F9F07CB20}.Debug|Any CPU.ActiveCfg = Debug|Any CPU
		{4BBD7E06-FC58-4D80-AF05-B16F9F07CB20}.Debug|Any CPU.Build.0 = Debug|Any CPU
		{4BBD7E06-FC58-4D80-AF05-B16F9F07CB20}.Release|Any CPU.ActiveCfg = Release|Any CPU
		{4BBD7E06-FC58-4D80-AF05-B16F9F07CB20}.Release|Any CPU.Build.0 = Release|Any CPU
		{CAAA74A3-317E-4D88-9DBD-2E3A637FBB2B}.Debug|Any CPU.ActiveCfg = Debug|Any CPU
		{CAAA74A3-317E-4D88-9DBD-2E3A637FBB2B}.Debug|Any CPU.Build.0 = Debug|Any CPU
		{CAAA74A3-317E-4D88-9DBD-2E3A637FBB2B}.Release|Any CPU.ActiveCfg = Release|Any CPU
		{CAAA74A3-317E-4D88-9DBD-2E3A637FBB2B}.Release|Any CPU.Build.0 = Release|Any CPU
		{E6E99AFF-5F11-4D06-AFD3-CEAAD0EA7621}.Debug|Any CPU.ActiveCfg = Debug|Any CPU
		{E6E99AFF-5F11-4D06-AFD3-CEAAD0EA7621}.Debug|Any CPU.Build.0 = Debug|Any CPU
		{E6E99AFF-5F11-4D06-AFD3-CEAAD0EA7621}.Release|Any CPU.ActiveCfg = Release|Any CPU
		{E6E99AFF-5F11-4D06-AFD3-CEAAD0EA7621}.Release|Any CPU.Build.0 = Release|Any CPU
		{95FE9DC1-4A96-4F2E-98AC-BC48D7352119}.Debug|Any CPU.ActiveCfg = Debug|Any CPU
		{95FE9DC1-4A96-4F2E-98AC-BC48D7352119}.Debug|Any CPU.Build.0 = Debug|Any CPU
		{95FE9DC1-4A96-4F2E-98AC-BC48D7352119}.Release|Any CPU.ActiveCfg = Release|Any CPU
		{95FE9DC1-4A96-4F2E-98AC-BC48D7352119}.Release|Any CPU.Build.0 = Release|Any CPU
	EndGlobalSection
	GlobalSection(SolutionProperties) = preSolution
		HideSolutionNode = FALSE
	EndGlobalSection
	GlobalSection(ExtensibilityGlobals) = postSolution
		SolutionGuid = {D1507427-022E-45D0-A8E1-909DAAF6A03C}
	EndGlobalSection
EndGlobal
